
Microsoft Visual Studio Solution File, Format Version 12.00
# Visual Studio 15
VisualStudioVersion = 15.0.28307.960
MinimumVisualStudioVersion = 10.0.40219.1
Project("{FAE04EC0-301F-11D3-BF4B-00C04F79EFBC}") = "Senai.Peoples.WebApi", "Senai.Peoples.WebApi\Senai.Peoples.WebApi.csproj", "{9BAA02AF-8FAF-441A-B4C9-682A47AFA784}"
EndProject
Global
	GlobalSection(SolutionConfigurationPlatforms) = preSolution
		Debug|Any CPU = Debug|Any CPU
		Release|Any CPU = Release|Any CPU
	EndGlobalSection
	GlobalSection(ProjectConfigurationPlatforms) = postSolution
		{9BAA02AF-8FAF-441A-B4C9-682A47AFA784}.Debug|Any CPU.ActiveCfg = Debug|Any CPU
		{9BAA02AF-8FAF-441A-B4C9-682A47AFA784}.Debug|Any CPU.Build.0 = Debug|Any CPU
		{9BAA02AF-8FAF-441A-B4C9-682A47AFA784}.Release|Any CPU.ActiveCfg = Release|Any CPU
		{9BAA02AF-8FAF-441A-B4C9-682A47AFA784}.Release|Any CPU.Build.0 = Release|Any CPU
	EndGlobalSection
	GlobalSection(SolutionProperties) = preSolution
		HideSolutionNode = FALSE
	EndGlobalSection
	GlobalSection(ExtensibilityGlobals) = postSolution
		SolutionGuid = {33A20814-ABAC-4C6A-A94A-27BE00BD70CF}
	EndGlobalSection
EndGlobal
